# This file is automatically @generated by Cargo.
# It is not intended for manual editing.
version = 3

[[package]]
name = "fenwick_tree"
version = "0.1.0"

[[package]]
name = "galois_field"
version = "0.1.0"

[[package]]
name = "lazy_segtree"
version = "0.1.0"

[[package]]
name = "pascal_triangle"
version = "0.1.0"
dependencies = [
 "galois_field",
]

[[package]]
name = "procon-rust"
version = "0.1.0"

[[package]]
name = "segtree"
version = "0.1.0"

[[package]]
name = "slope_trick"
version = "0.1.0"

[[package]]
name = "trie_tree"
version = "0.1.0"

[[package]]
name = "union_find"
version = "0.1.0"
