# This file is automatically @generated by Cargo.
# It is not intended for manual editing.
version = 3

[[package]]
name = "bellman_ford"
version = "0.1.0"

[[package]]
name = "dijkstra"
version = "0.1.0"

[[package]]
name = "eratosthenes"
version = "0.1.0"

[[package]]
name = "euclid"
version = "0.1.0"

[[package]]
name = "fenwick_tree"
version = "0.1.0"

[[package]]
name = "floyd_warshall"
version = "0.1.0"

[[package]]
name = "galois_field"
version = "0.1.0"

[[package]]
name = "interval_sieve"
version = "0.1.0"

[[package]]
name = "kruskal"
version = "0.1.0"

[[package]]
name = "lazy_segtree"
version = "0.1.0"

[[package]]
name = "pascal_triangle"
version = "0.1.0"

[[package]]
name = "prim"
version = "0.1.0"

[[package]]
name = "prime"
version = "0.1.0"

[[package]]
name = "procon-rust"
version = "0.1.0"

[[package]]
name = "repeated_squaring"
version = "0.1.0"

[[package]]
name = "segtree"
version = "0.1.0"

[[package]]
name = "slope_trick"
version = "0.1.0"

[[package]]
name = "sorted_set"
version = "0.1.0"
dependencies = [
 "superslice",
]

[[package]]
name = "superslice"
version = "1.0.0"
source = "registry+https://github.com/rust-lang/crates.io-index"
checksum = "ab16ced94dbd8a46c82fd81e3ed9a8727dac2977ea869d217bcc4ea1f122e81f"

[[package]]
name = "trie_tree"
version = "0.1.0"

[[package]]
name = "union_find"
version = "0.1.0"
